
Microsoft Visual Studio Solution File, Format Version 12.00
# Visual Studio Version 16
VisualStudioVersion = 16.0.28803.452
MinimumVisualStudioVersion = 10.0.40219.1
Project("{FAE04EC0-301F-11D3-BF4B-00C04F79EFBC}") = "OverloadClientTool", "OverloadClientTool\OverloadClientTool.csproj", "{B70D3434-4113-42DA-AD95-A166FD6DCD66}"
EndProject
Global
	GlobalSection(SolutionConfigurationPlatforms) = preSolution
		Debug|Any CPU = Debug|Any CPU
		Release|Any CPU = Release|Any CPU
	EndGlobalSection
	GlobalSection(ProjectConfigurationPlatforms) = postSolution
		{B70D3434-4113-42DA-AD95-A166FD6DCD66}.Debug|Any CPU.ActiveCfg = Debug|Any CPU
		{B70D3434-4113-42DA-AD95-A166FD6DCD66}.Debug|Any CPU.Build.0 = Debug|Any CPU
		{B70D3434-4113-42DA-AD95-A166FD6DCD66}.Release|Any CPU.ActiveCfg = Release|Any CPU
		{B70D3434-4113-42DA-AD95-A166FD6DCD66}.Release|Any CPU.Build.0 = Release|Any CPU
	EndGlobalSection
	GlobalSection(SolutionProperties) = preSolution
		HideSolutionNode = FALSE
	EndGlobalSection
	GlobalSection(ExtensibilityGlobals) = postSolution
		SolutionGuid = {73ACCE6B-BC2A-477F-9A74-7448A4C18767}
	EndGlobalSection
EndGlobal
